
Microsoft Visual Studio Solution File, Format Version 12.00
# Visual Studio Version 16
VisualStudioVersion = 16.0.30503.244
MinimumVisualStudioVersion = 10.0.40219.1
Project("{9A19103F-16F7-4668-BE54-9A1E7A4F7556}") = "Empty_Bot_0_node", "Empty_Bot_0_node\Empty_Bot_0_node.csproj", "{93D9D1B1-8440-492A-BFD3-0059CAD3748E}"
EndProject
Global
	GlobalSection(SolutionConfigurationPlatforms) = preSolution
		Debug|Any CPU = Debug|Any CPU
		Release|Any CPU = Release|Any CPU
	EndGlobalSection
	GlobalSection(ProjectConfigurationPlatforms) = postSolution
		{93D9D1B1-8440-492A-BFD3-0059CAD3748E}.Debug|Any CPU.ActiveCfg = Debug|Any CPU
		{93D9D1B1-8440-492A-BFD3-0059CAD3748E}.Debug|Any CPU.Build.0 = Debug|Any CPU
		{93D9D1B1-8440-492A-BFD3-0059CAD3748E}.Release|Any CPU.ActiveCfg = Release|Any CPU
		{93D9D1B1-8440-492A-BFD3-0059CAD3748E}.Release|Any CPU.Build.0 = Release|Any CPU
	EndGlobalSection
	GlobalSection(SolutionProperties) = preSolution
		HideSolutionNode = FALSE
	EndGlobalSection
	GlobalSection(ExtensibilityGlobals) = postSolution
		SolutionGuid = {E1D96FD7-6A5E-49F4-A14B-4AFC2668E7BE}
	EndGlobalSection
EndGlobal
