
Microsoft Visual Studio Solution File, Format Version 12.00
# Visual Studio Version 16
VisualStudioVersion = 16.0.30503.244
MinimumVisualStudioVersion = 10.0.40219.1
Project("{9A19103F-16F7-4668-BE54-9A1E7A4F7556}") = "OpenDialogFromProperty", "OpenDialogFromProperty\OpenDialogFromProperty.csproj", "{F6450ED5-54C7-4A52-B775-17282E46023D}"
EndProject
Global
	GlobalSection(SolutionConfigurationPlatforms) = preSolution
		Debug|Any CPU = Debug|Any CPU
		Release|Any CPU = Release|Any CPU
	EndGlobalSection
	GlobalSection(ProjectConfigurationPlatforms) = postSolution
		{F6450ED5-54C7-4A52-B775-17282E46023D}.Debug|Any CPU.ActiveCfg = Debug|Any CPU
		{F6450ED5-54C7-4A52-B775-17282E46023D}.Debug|Any CPU.Build.0 = Debug|Any CPU
		{F6450ED5-54C7-4A52-B775-17282E46023D}.Release|Any CPU.ActiveCfg = Release|Any CPU
		{F6450ED5-54C7-4A52-B775-17282E46023D}.Release|Any CPU.Build.0 = Release|Any CPU
	EndGlobalSection
	GlobalSection(SolutionProperties) = preSolution
		HideSolutionNode = FALSE
	EndGlobalSection
	GlobalSection(ExtensibilityGlobals) = postSolution
		SolutionGuid = {68A2F1C3-283B-43B7-B4CC-8A65C119CE28}
	EndGlobalSection
EndGlobal
