
Microsoft Visual Studio Solution File, Format Version 12.00
# Visual Studio Version 16
VisualStudioVersion = 16.0.30503.244
MinimumVisualStudioVersion = 10.0.40219.1
Project("{9A19103F-16F7-4668-BE54-9A1E7A4F7556}") = "TestingTyping", "TestingTyping\TestingTyping.csproj", "{BD152AD2-6BBC-4B51-AB18-2B2B0FFB0A17}"
EndProject
Global
	GlobalSection(SolutionConfigurationPlatforms) = preSolution
		Debug|Any CPU = Debug|Any CPU
		Release|Any CPU = Release|Any CPU
	EndGlobalSection
	GlobalSection(ProjectConfigurationPlatforms) = postSolution
		{BD152AD2-6BBC-4B51-AB18-2B2B0FFB0A17}.Debug|Any CPU.ActiveCfg = Debug|Any CPU
		{BD152AD2-6BBC-4B51-AB18-2B2B0FFB0A17}.Debug|Any CPU.Build.0 = Debug|Any CPU
		{BD152AD2-6BBC-4B51-AB18-2B2B0FFB0A17}.Release|Any CPU.ActiveCfg = Release|Any CPU
		{BD152AD2-6BBC-4B51-AB18-2B2B0FFB0A17}.Release|Any CPU.Build.0 = Release|Any CPU
	EndGlobalSection
	GlobalSection(SolutionProperties) = preSolution
		HideSolutionNode = FALSE
	EndGlobalSection
	GlobalSection(ExtensibilityGlobals) = postSolution
		SolutionGuid = {7C7AC972-3C75-4872-8A27-28EB84B1C66C}
	EndGlobalSection
EndGlobal
