
Microsoft Visual Studio Solution File, Format Version 12.00
# Visual Studio Version 16
VisualStudioVersion = 16.0.30503.244
MinimumVisualStudioVersion = 10.0.40219.1
Project("{9A19103F-16F7-4668-BE54-9A1E7A4F7556}") = "todosample_0_con", "todosample_0_con\todosample_0_con.csproj", "{ABECAC9F-895E-4D74-9EC2-F8F4A4B2AB99}"
EndProject
Global
	GlobalSection(SolutionConfigurationPlatforms) = preSolution
		Debug|Any CPU = Debug|Any CPU
		Release|Any CPU = Release|Any CPU
	EndGlobalSection
	GlobalSection(ProjectConfigurationPlatforms) = postSolution
		{ABECAC9F-895E-4D74-9EC2-F8F4A4B2AB99}.Debug|Any CPU.ActiveCfg = Debug|Any CPU
		{ABECAC9F-895E-4D74-9EC2-F8F4A4B2AB99}.Debug|Any CPU.Build.0 = Debug|Any CPU
		{ABECAC9F-895E-4D74-9EC2-F8F4A4B2AB99}.Release|Any CPU.ActiveCfg = Release|Any CPU
		{ABECAC9F-895E-4D74-9EC2-F8F4A4B2AB99}.Release|Any CPU.Build.0 = Release|Any CPU
	EndGlobalSection
	GlobalSection(SolutionProperties) = preSolution
		HideSolutionNode = FALSE
	EndGlobalSection
	GlobalSection(ExtensibilityGlobals) = postSolution
		SolutionGuid = {3474DE64-A0E4-47A2-B7CA-0D2B5511AEF4}
	EndGlobalSection
EndGlobal
