
Microsoft Visual Studio Solution File, Format Version 12.00
# Visual Studio Version 16
VisualStudioVersion = 16.0.31529.145
MinimumVisualStudioVersion = 10.0.40219.1
Project("{9A19103F-16F7-4668-BE54-9A1E7A4F7556}") = "GaiaV2", "GaiaV2.csproj", "{01CC3B29-6784-4326-A249-1E12C6FC184F}"
EndProject
Project("{9A19103F-16F7-4668-BE54-9A1E7A4F7556}") = "GaiaV2CustomActions", "..\GaiaV2CustomActions\GaiaV2CustomActions.csproj", "{FD057690-FCE7-4E78-B893-7F883BF03C32}"
EndProject
Global
	GlobalSection(SolutionConfigurationPlatforms) = preSolution
		Debug|Any CPU = Debug|Any CPU
		Release|Any CPU = Release|Any CPU
	EndGlobalSection
	GlobalSection(ProjectConfigurationPlatforms) = postSolution
		{01CC3B29-6784-4326-A249-1E12C6FC184F}.Debug|Any CPU.ActiveCfg = Debug|Any CPU
		{01CC3B29-6784-4326-A249-1E12C6FC184F}.Debug|Any CPU.Build.0 = Debug|Any CPU
		{01CC3B29-6784-4326-A249-1E12C6FC184F}.Release|Any CPU.ActiveCfg = Release|Any CPU
		{01CC3B29-6784-4326-A249-1E12C6FC184F}.Release|Any CPU.Build.0 = Release|Any CPU
		{FD057690-FCE7-4E78-B893-7F883BF03C32}.Debug|Any CPU.ActiveCfg = Debug|Any CPU
		{FD057690-FCE7-4E78-B893-7F883BF03C32}.Debug|Any CPU.Build.0 = Debug|Any CPU
		{FD057690-FCE7-4E78-B893-7F883BF03C32}.Release|Any CPU.ActiveCfg = Release|Any CPU
		{FD057690-FCE7-4E78-B893-7F883BF03C32}.Release|Any CPU.Build.0 = Release|Any CPU
	EndGlobalSection
	GlobalSection(SolutionProperties) = preSolution
		HideSolutionNode = FALSE
	EndGlobalSection
	GlobalSection(ExtensibilityGlobals) = postSolution
		SolutionGuid = {27A74F90-937F-4F1E-9207-ACD8B84A5D0B}
	EndGlobalSection
EndGlobal
