
Microsoft Visual Studio Solution File, Format Version 12.00
# Visual Studio Version 16
VisualStudioVersion = 16.0.30503.244
MinimumVisualStudioVersion = 10.0.40219.1
Project("{9A19103F-16F7-4668-BE54-9A1E7A4F7556}") = "EnglishHindiTriggers", "EnglishHindiTriggers\EnglishHindiTriggers.csproj", "{8AAD8E6F-4CBE-486E-B4AB-FF3AC2302E20}"
EndProject
Global
	GlobalSection(SolutionConfigurationPlatforms) = preSolution
		Debug|Any CPU = Debug|Any CPU
		Release|Any CPU = Release|Any CPU
	EndGlobalSection
	GlobalSection(ProjectConfigurationPlatforms) = postSolution
		{8AAD8E6F-4CBE-486E-B4AB-FF3AC2302E20}.Debug|Any CPU.ActiveCfg = Debug|Any CPU
		{8AAD8E6F-4CBE-486E-B4AB-FF3AC2302E20}.Debug|Any CPU.Build.0 = Debug|Any CPU
		{8AAD8E6F-4CBE-486E-B4AB-FF3AC2302E20}.Release|Any CPU.ActiveCfg = Release|Any CPU
		{8AAD8E6F-4CBE-486E-B4AB-FF3AC2302E20}.Release|Any CPU.Build.0 = Release|Any CPU
	EndGlobalSection
	GlobalSection(SolutionProperties) = preSolution
		HideSolutionNode = FALSE
	EndGlobalSection
	GlobalSection(ExtensibilityGlobals) = postSolution
		SolutionGuid = {FBC4FDE7-E8F1-48AF-95E4-B9430E4007AF}
	EndGlobalSection
EndGlobal
