
Microsoft Visual Studio Solution File, Format Version 12.00
# Visual Studio Version 16
VisualStudioVersion = 16.0.30503.244
MinimumVisualStudioVersion = 10.0.40219.1
Project("{9A19103F-16F7-4668-BE54-9A1E7A4F7556}") = "ChangeAnswerOption", "ChangeAnswerOption\ChangeAnswerOption.csproj", "{F533F223-BBBD-435A-81A3-97B36685FF73}"
EndProject
Global
	GlobalSection(SolutionConfigurationPlatforms) = preSolution
		Debug|Any CPU = Debug|Any CPU
		Release|Any CPU = Release|Any CPU
	EndGlobalSection
	GlobalSection(ProjectConfigurationPlatforms) = postSolution
		{F533F223-BBBD-435A-81A3-97B36685FF73}.Debug|Any CPU.ActiveCfg = Debug|Any CPU
		{F533F223-BBBD-435A-81A3-97B36685FF73}.Debug|Any CPU.Build.0 = Debug|Any CPU
		{F533F223-BBBD-435A-81A3-97B36685FF73}.Release|Any CPU.ActiveCfg = Release|Any CPU
		{F533F223-BBBD-435A-81A3-97B36685FF73}.Release|Any CPU.Build.0 = Release|Any CPU
	EndGlobalSection
	GlobalSection(SolutionProperties) = preSolution
		HideSolutionNode = FALSE
	EndGlobalSection
	GlobalSection(ExtensibilityGlobals) = postSolution
		SolutionGuid = {5E9AD80A-F69C-4ED0-BD14-AAF8E48A86E1}
	EndGlobalSection
EndGlobal
