
Microsoft Visual Studio Solution File, Format Version 12.00
# Visual Studio Version 16
VisualStudioVersion = 16.0.30503.244
MinimumVisualStudioVersion = 10.0.40219.1
Project("{9A19103F-16F7-4668-BE54-9A1E7A4F7556}") = "Empty_Bot_0", "Empty_Bot_0\Empty_Bot_0.csproj", "{6F5939F2-7D59-4E1A-B432-A74D708FBFCA}"
EndProject
Global
	GlobalSection(SolutionConfigurationPlatforms) = preSolution
		Debug|Any CPU = Debug|Any CPU
		Release|Any CPU = Release|Any CPU
	EndGlobalSection
	GlobalSection(ProjectConfigurationPlatforms) = postSolution
		{6F5939F2-7D59-4E1A-B432-A74D708FBFCA}.Debug|Any CPU.ActiveCfg = Debug|Any CPU
		{6F5939F2-7D59-4E1A-B432-A74D708FBFCA}.Debug|Any CPU.Build.0 = Debug|Any CPU
		{6F5939F2-7D59-4E1A-B432-A74D708FBFCA}.Release|Any CPU.ActiveCfg = Release|Any CPU
		{6F5939F2-7D59-4E1A-B432-A74D708FBFCA}.Release|Any CPU.Build.0 = Release|Any CPU
	EndGlobalSection
	GlobalSection(SolutionProperties) = preSolution
		HideSolutionNode = FALSE
	EndGlobalSection
	GlobalSection(ExtensibilityGlobals) = postSolution
		SolutionGuid = {D1170B12-B095-4590-ABCA-9F599971EA56}
	EndGlobalSection
EndGlobal
