
Microsoft Visual Studio Solution File, Format Version 12.00
# Visual Studio Version 16
VisualStudioVersion = 16.0.30503.244
MinimumVisualStudioVersion = 10.0.40219.1
Project("{9A19103F-16F7-4668-BE54-9A1E7A4F7556}") = "adaptivecardsinglepress_orig__con", "adaptivecardsinglepress_orig__con\adaptivecardsinglepress_orig__con.csproj", "{AF49A67B-5630-4D6F-81EE-6D2CF8D23F2F}"
EndProject
Global
	GlobalSection(SolutionConfigurationPlatforms) = preSolution
		Debug|Any CPU = Debug|Any CPU
		Release|Any CPU = Release|Any CPU
	EndGlobalSection
	GlobalSection(ProjectConfigurationPlatforms) = postSolution
		{AF49A67B-5630-4D6F-81EE-6D2CF8D23F2F}.Debug|Any CPU.ActiveCfg = Debug|Any CPU
		{AF49A67B-5630-4D6F-81EE-6D2CF8D23F2F}.Debug|Any CPU.Build.0 = Debug|Any CPU
		{AF49A67B-5630-4D6F-81EE-6D2CF8D23F2F}.Release|Any CPU.ActiveCfg = Release|Any CPU
		{AF49A67B-5630-4D6F-81EE-6D2CF8D23F2F}.Release|Any CPU.Build.0 = Release|Any CPU
	EndGlobalSection
	GlobalSection(SolutionProperties) = preSolution
		HideSolutionNode = FALSE
	EndGlobalSection
	GlobalSection(ExtensibilityGlobals) = postSolution
		SolutionGuid = {53F9E2EF-9FAE-4685-821F-92BECADFC8D8}
	EndGlobalSection
EndGlobal
